
Microsoft Visual Studio Solution File, Format Version 12.00
# Visual Studio 2012
Project("{FAE04EC0-301F-11D3-BF4B-00C04F79EFBC}") = "Monopoly", "Monopoly\Monopoly.csproj", "{973DE422-6E0D-4994-9093-7B799F5C0280}"
EndProject
Project("{F088123C-0E9E-452A-89E6-6BA2F21D5CAC}") = "ModelingProject1", "..\Monopoly\ModelingProject1\ModelingProject1.modelproj", "{DBE2E54A-C288-4770-A29A-BF84913F9A95}"
EndProject
Global
	GlobalSection(SolutionConfigurationPlatforms) = preSolution
		Debug|Any CPU = Debug|Any CPU
		Release|Any CPU = Release|Any CPU
	EndGlobalSection
	GlobalSection(ProjectConfigurationPlatforms) = postSolution
		{973DE422-6E0D-4994-9093-7B799F5C0280}.Debug|Any CPU.ActiveCfg = Debug|Any CPU
		{973DE422-6E0D-4994-9093-7B799F5C0280}.Debug|Any CPU.Build.0 = Debug|Any CPU
		{973DE422-6E0D-4994-9093-7B799F5C0280}.Release|Any CPU.ActiveCfg = Release|Any CPU
		{973DE422-6E0D-4994-9093-7B799F5C0280}.Release|Any CPU.Build.0 = Release|Any CPU
		{DBE2E54A-C288-4770-A29A-BF84913F9A95}.Debug|Any CPU.ActiveCfg = Debug|Any CPU
		{DBE2E54A-C288-4770-A29A-BF84913F9A95}.Debug|Any CPU.Build.0 = Debug|Any CPU
		{DBE2E54A-C288-4770-A29A-BF84913F9A95}.Release|Any CPU.ActiveCfg = Release|Any CPU
		{DBE2E54A-C288-4770-A29A-BF84913F9A95}.Release|Any CPU.Build.0 = Release|Any CPU
	EndGlobalSection
	GlobalSection(SolutionProperties) = preSolution
		HideSolutionNode = FALSE
	EndGlobalSection
EndGlobal
